
Microsoft Visual Studio Solution File, Format Version 12.00
# Visual Studio Version 17
VisualStudioVersion = 17.1.32210.238
MinimumVisualStudioVersion = 10.0.40219.1
Project("{FAE04EC0-301F-11D3-BF4B-00C04F79EFBC}") = "OTPGenerator.Api", "OTPGenerator.Api\OTPGenerator.Api.csproj", "{6C905AB0-2D88-4949-A607-E708090CF03A}"
EndProject
Project("{FAE04EC0-301F-11D3-BF4B-00C04F79EFBC}") = "OTPGenerator.Core", "OTPGenerator.Core\OTPGenerator.Core.csproj", "{9855BEDC-F359-4095-BF6A-D4F7BFD43E91}"
EndProject
Project("{FAE04EC0-301F-11D3-BF4B-00C04F79EFBC}") = "OTPGenerator.Infrastructure", "OTPGenerator.Infrastructure\OTPGenerator.Infrastructure.csproj", "{6B1488C4-659A-4BCE-AD34-5A9DE6A34532}"
EndProject
Global
	GlobalSection(SolutionConfigurationPlatforms) = preSolution
		Debug|Any CPU = Debug|Any CPU
		Release|Any CPU = Release|Any CPU
	EndGlobalSection
	GlobalSection(ProjectConfigurationPlatforms) = postSolution
		{6C905AB0-2D88-4949-A607-E708090CF03A}.Debug|Any CPU.ActiveCfg = Debug|Any CPU
		{6C905AB0-2D88-4949-A607-E708090CF03A}.Debug|Any CPU.Build.0 = Debug|Any CPU
		{6C905AB0-2D88-4949-A607-E708090CF03A}.Release|Any CPU.ActiveCfg = Release|Any CPU
		{6C905AB0-2D88-4949-A607-E708090CF03A}.Release|Any CPU.Build.0 = Release|Any CPU
		{9855BEDC-F359-4095-BF6A-D4F7BFD43E91}.Debug|Any CPU.ActiveCfg = Debug|Any CPU
		{9855BEDC-F359-4095-BF6A-D4F7BFD43E91}.Debug|Any CPU.Build.0 = Debug|Any CPU
		{9855BEDC-F359-4095-BF6A-D4F7BFD43E91}.Release|Any CPU.ActiveCfg = Release|Any CPU
		{9855BEDC-F359-4095-BF6A-D4F7BFD43E91}.Release|Any CPU.Build.0 = Release|Any CPU
		{6B1488C4-659A-4BCE-AD34-5A9DE6A34532}.Debug|Any CPU.ActiveCfg = Debug|Any CPU
		{6B1488C4-659A-4BCE-AD34-5A9DE6A34532}.Debug|Any CPU.Build.0 = Debug|Any CPU
		{6B1488C4-659A-4BCE-AD34-5A9DE6A34532}.Release|Any CPU.ActiveCfg = Release|Any CPU
		{6B1488C4-659A-4BCE-AD34-5A9DE6A34532}.Release|Any CPU.Build.0 = Release|Any CPU
	EndGlobalSection
	GlobalSection(SolutionProperties) = preSolution
		HideSolutionNode = FALSE
	EndGlobalSection
	GlobalSection(ExtensibilityGlobals) = postSolution
		SolutionGuid = {72303C40-817B-440A-81C2-62B912EC4BD7}
	EndGlobalSection
EndGlobal
